{
  "name": "@freelog/freelog-policy-lang",
  "version": "0.1.0",
  "lockfileVersion": 1,
  "requires": true,
  "dependencies": {
    "@freelog/resource-policy-lang": {
      "version": "0.0.34",
      "resolved": "https://registry.npmjs.org/@freelog/resource-policy-lang/-/resource-policy-lang-0.0.34.tgz",
      "integrity": "sha512-bwAqbgNRpYbjKdQaL9nEBdnf9LEroeLMWAiE3wsrhodyEiy0QMay0PqfJHv+J+gPD4ASOiy25g37Sew2PXYVzg==",
      "requires": {
        "antlr4": "^4.7.1",
        "camelcase": "^5.0.0",
        "freelog_event_definition": "0.0.10"
      }
    },
    "antlr4": {
      "version": "4.7.2",
      "resolved": "https://registry.npmjs.org/antlr4/-/antlr4-4.7.2.tgz",
      "integrity": "sha512-vZA1xYufXLe3LX+ja9rIVxjRmILb1x3k7KYZHltRbfJtXjJ1DlFIqt+CbPYmghx0EuzY9DajiDw+MdyEt1qAsQ=="
    },
    "camelcase": {
      "version": "5.3.1",
      "resolved": "https://registry.npmjs.org/camelcase/-/camelcase-5.3.1.tgz",
      "integrity": "sha512-L28STB170nwWS63UjtlEOE3dldQApaJXZkOI1uMFfzf3rRuPegHaHesyee+YxQ+W6SvRDQV6UrdOdRiR153wJg=="
    },
    "freelog_event_definition": {
      "version": "0.0.10",
      "resolved": "https://registry.npmjs.org/freelog_event_definition/-/freelog_event_definition-0.0.10.tgz",
      "integrity": "sha512-Feq97csdIlfy9r/PSgev8pfrEC9goifJIrMBvW1gXZtxxX8GCgdwnn7AoHUPnDon7Vo0zFPf/udELR4RnL0xDg==",
      "requires": {
        "papaparse": "^4.6.0"
      }
    },
    "papaparse": {
      "version": "4.6.3",
      "resolved": "https://registry.npmjs.org/papaparse/-/papaparse-4.6.3.tgz",
      "integrity": "sha512-LRq7BrHC2kHPBYSD50aKuw/B/dGcg29omyJbKWY3KsYUZU69RKwaBHu13jGmCYBtOc4odsLCrFyk6imfyNubJQ=="
    }
  }
}
